// !$*UTF8*$!
{
	archiveVersion = 1;
	classes = {
	};
	objectVersion = 46;
	objects = {

/* Begin PBXBuildFile section */
		16ABEB48192DB93D00E87DF7 /* Foundation.framework in Frameworks */ = {isa = PBXBuildFile; fileRef = 16ABEB47192DB93D00E87DF7 /* Foundation.framework */; };
		16ABEB4A192DB93D00E87DF7 /* CoreGraphics.framework in Frameworks */ = {isa = PBXBuildFile; fileRef = 16ABEB49192DB93D00E87DF7 /* CoreGraphics.framework */; };
		16ABEB4C192DB93D00E87DF7 /* UIKit.framework in Frameworks */ = {isa = PBXBuildFile; fileRef = 16ABEB4B192DB93D00E87DF7 /* UIKit.framework */; };
		16ABEB52192DB93D00E87DF7 /* InfoPlist.strings in Resources */ = {isa = PBXBuildFile; fileRef = 16ABEB50192DB93D00E87DF7 /* InfoPlist.strings */; };
		16ABEB54192DB93D00E87DF7 /* main.m in Sources */ = {isa = PBXBuildFile; fileRef = 16ABEB53192DB93D00E87DF7 /* main.m */; };
		16ABEB58192DB93D00E87DF7 /* UoMAppDelegate.m in Sources */ = {isa = PBXBuildFile; fileRef = 16ABEB57192DB93D00E87DF7 /* UoMAppDelegate.m */; };
		16ABEB5B192DB93D00E87DF7 /* Main.storyboard in Resources */ = {isa = PBXBuildFile; fileRef = 16ABEB59192DB93D00E87DF7 /* Main.storyboard */; };
		16ABEB5E192DB93D00E87DF7 /* UoMMasterViewController.m in Sources */ = {isa = PBXBuildFile; fileRef = 16ABEB5D192DB93D00E87DF7 /* UoMMasterViewController.m */; };
		16ABEB61192DB93D00E87DF7 /* UoMDetailViewController.m in Sources */ = {isa = PBXBuildFile; fileRef = 16ABEB60192DB93D00E87DF7 /* UoMDetailViewController.m */; };
		16ABEB63192DB93D00E87DF7 /* Images.xcassets in Resources */ = {isa = PBXBuildFile; fileRef = 16ABEB62192DB93D00E87DF7 /* Images.xcassets */; };
		16ABEB6A192DB93D00E87DF7 /* XCTest.framework in Frameworks */ = {isa = PBXBuildFile; fileRef = 16ABEB69192DB93D00E87DF7 /* XCTest.framework */; };
		16ABEB6B192DB93D00E87DF7 /* Foundation.framework in Frameworks */ = {isa = PBXBuildFile; fileRef = 16ABEB47192DB93D00E87DF7 /* Foundation.framework */; };
		16ABEB6C192DB93D00E87DF7 /* UIKit.framework in Frameworks */ = {isa = PBXBuildFile; fileRef = 16ABEB4B192DB93D00E87DF7 /* UIKit.framework */; };
		16ABEB74192DB93D00E87DF7 /* InfoPlist.strings in Resources */ = {isa = PBXBuildFile; fileRef = 16ABEB72192DB93D00E87DF7 /* InfoPlist.strings */; };
		16ABEB76192DB93D00E87DF7 /* TestForHighSchoolLabTests.m in Sources */ = {isa = PBXBuildFile; fileRef = 16ABEB75192DB93D00E87DF7 /* TestForHighSchoolLabTests.m */; };
/* End PBXBuildFile section */

/* Begin PBXContainerItemProxy section */
		16ABEB6D192DB93D00E87DF7 /* PBXContainerItemProxy */ = {
			isa = PBXContainerItemProxy;
			containerPortal = 16ABEB3C192DB93D00E87DF7 /* Project object */;
			proxyType = 1;
			remoteGlobalIDString = 16ABEB43192DB93D00E87DF7;
			remoteInfo = TestForHighSchoolLab;
		};
/* End PBXContainerItemProxy section */

/* Begin PBXFileReference section */
		16ABEB44192DB93D00E87DF7 /* TestForHighSchoolLab.app */ = {isa = PBXFileReference; explicitFileType = wrapper.application; includeInIndex = 0; path = TestForHighSchoolLab.app; sourceTree = BUILT_PRODUCTS_DIR; };
		16ABEB47192DB93D00E87DF7 /* Foundation.framework */ = {isa = PBXFileReference; lastKnownFileType = wrapper.framework; name = Foundation.framework; path = System/Library/Frameworks/Foundation.framework; sourceTree = SDKROOT; };
		16ABEB49192DB93D00E87DF7 /* CoreGraphics.framework */ = {isa = PBXFileReference; lastKnownFileType = wrapper.framework; name = CoreGraphics.framework; path = System/Library/Frameworks/CoreGraphics.framework; sourceTree = SDKROOT; };
		16ABEB4B192DB93D00E87DF7 /* UIKit.framework */ = {isa = PBXFileReference; lastKnownFileType = wrapper.framework; name = UIKit.framework; path = System/Library/Frameworks/UIKit.framework; sourceTree = SDKROOT; };
		16ABEB4F192DB93D00E87DF7 /* TestForHighSchoolLab-Info.plist */ = {isa = PBXFileReference; lastKnownFileType = text.plist.xml; path = "TestForHighSchoolLab-Info.plist"; sourceTree = "<group>"; };
		16ABEB51192DB93D00E87DF7 /* en */ = {isa = PBXFileReference; lastKnownFileType = text.plist.strings; name = en; path = en.lproj/InfoPlist.strings; sourceTree = "<group>"; };
		16ABEB53192DB93D00E87DF7 /* main.m */ = {isa = PBXFileReference; lastKnownFileType = sourcecode.c.objc; path = main.m; sourceTree = "<group>"; };
		16ABEB55192DB93D00E87DF7 /* TestForHighSchoolLab-Prefix.pch */ = {isa = PBXFileReference; lastKnownFileType = sourcecode.c.h; path = "TestForHighSchoolLab-Prefix.pch"; sourceTree = "<group>"; };
		16ABEB56192DB93D00E87DF7 /* UoMAppDelegate.h */ = {isa = PBXFileReference; lastKnownFileType = sourcecode.c.h; path = UoMAppDelegate.h; sourceTree = "<group>"; };
		16ABEB57192DB93D00E87DF7 /* UoMAppDelegate.m */ = {isa = PBXFileReference; lastKnownFileType = sourcecode.c.objc; path = UoMAppDelegate.m; sourceTree = "<group>"; };
		16ABEB5A192DB93D00E87DF7 /* Base */ = {isa = PBXFileReference; lastKnownFileType = file.storyboard; name = Base; path = Base.lproj/Main.storyboard; sourceTree = "<group>"; };
		16ABEB5C192DB93D00E87DF7 /* UoMMasterViewController.h */ = {isa = PBXFileReference; lastKnownFileType = sourcecode.c.h; path = UoMMasterViewController.h; sourceTree = "<group>"; };
		16ABEB5D192DB93D00E87DF7 /* UoMMasterViewController.m */ = {isa = PBXFileReference; lastKnownFileType = sourcecode.c.objc; path = UoMMasterViewController.m; sourceTree = "<group>"; };
		16ABEB5F192DB93D00E87DF7 /* UoMDetailViewController.h */ = {isa = PBXFileReference; lastKnownFileType = sourcecode.c.h; path = UoMDetailViewController.h; sourceTree = "<group>"; };
		16ABEB60192DB93D00E87DF7 /* UoMDetailViewController.m */ = {isa = PBXFileReference; lastKnownFileType = sourcecode.c.objc; path = UoMDetailViewController.m; sourceTree = "<group>"; };
		16ABEB62192DB93D00E87DF7 /* Images.xcassets */ = {isa = PBXFileReference; lastKnownFileType = folder.assetcatalog; path = Images.xcassets; sourceTree = "<group>"; };
		16ABEB68192DB93D00E87DF7 /* TestForHighSchoolLabTests.xctest */ = {isa = PBXFileReference; explicitFileType = wrapper.cfbundle; includeInIndex = 0; path = TestForHighSchoolLabTests.xctest; sourceTree = BUILT_PRODUCTS_DIR; };
		16ABEB69192DB93D00E87DF7 /* XCTest.framework */ = {isa = PBXFileReference; lastKnownFileType = wrapper.framework; name = XCTest.framework; path = Library/Frameworks/XCTest.framework; sourceTree = DEVELOPER_DIR; };
		16ABEB71192DB93D00E87DF7 /* TestForHighSchoolLabTests-Info.plist */ = {isa = PBXFileReference; lastKnownFileType = text.plist.xml; path = "TestForHighSchoolLabTests-Info.plist"; sourceTree = "<group>"; };
		16ABEB73192DB93D00E87DF7 /* en */ = {isa = PBXFileReference; lastKnownFileType = text.plist.strings; name = en; path = en.lproj/InfoPlist.strings; sourceTree = "<group>"; };
		16ABEB75192DB93D00E87DF7 /* TestForHighSchoolLabTests.m */ = {isa = PBXFileReference; lastKnownFileType = sourcecode.c.objc; path = TestForHighSchoolLabTests.m; sourceTree = "<group>"; };
/* End PBXFileReference section */

/* Begin PBXFrameworksBuildPhase section */
		16ABEB41192DB93D00E87DF7 /* Frameworks */ = {
			isa = PBXFrameworksBuildPhase;
			buildActionMask = 2147483647;
			files = (
				16ABEB4A192DB93D00E87DF7 /* CoreGraphics.framework in Frameworks */,
				16ABEB4C192DB93D00E87DF7 /* UIKit.framework in Frameworks */,
				16ABEB48192DB93D00E87DF7 /* Foundation.framework in Frameworks */,
			);
			runOnlyForDeploymentPostprocessing = 0;
		};
		16ABEB65192DB93D00E87DF7 /* Frameworks */ = {
			isa = PBXFrameworksBuildPhase;
			buildActionMask = 2147483647;
			files = (
				16ABEB6A192DB93D00E87DF7 /* XCTest.framework in Frameworks */,
				16ABEB6C192DB93D00E87DF7 /* UIKit.framework in Frameworks */,
				16ABEB6B192DB93D00E87DF7 /* Foundation.framework in Frameworks */,
			);
			runOnlyForDeploymentPostprocessing = 0;
		};
/* End PBXFrameworksBuildPhase section */

/* Begin PBXGroup section */
		16ABEB3B192DB93D00E87DF7 = {
			isa = PBXGroup;
			children = (
				16ABEB4D192DB93D00E87DF7 /* TestForHighSchoolLab */,
				16ABEB6F192DB93D00E87DF7 /* TestForHighSchoolLabTests */,
				16ABEB46192DB93D00E87DF7 /* Frameworks */,
				16ABEB45192DB93D00E87DF7 /* Products */,
			);
			sourceTree = "<group>";
		};
		16ABEB45192DB93D00E87DF7 /* Products */ = {
			isa = PBXGroup;
			children = (
				16ABEB44192DB93D00E87DF7 /* TestForHighSchoolLab.app */,
				16ABEB68192DB93D00E87DF7 /* TestForHighSchoolLabTests.xctest */,
			);
			name = Products;
			sourceTree = "<group>";
		};
		16ABEB46192DB93D00E87DF7 /* Frameworks */ = {
			isa = PBXGroup;
			children = (
				16ABEB47192DB93D00E87DF7 /* Foundation.framework */,
				16ABEB49192DB93D00E87DF7 /* CoreGraphics.framework */,
				16ABEB4B192DB93D00E87DF7 /* UIKit.framework */,
				16ABEB69192DB93D00E87DF7 /* XCTest.framework */,
			);
			name = Frameworks;
			sourceTree = "<group>";
		};
		16ABEB4D192DB93D00E87DF7 /* TestForHighSchoolLab */ = {
			isa = PBXGroup;
			children = (
				16ABEB56192DB93D00E87DF7 /* UoMAppDelegate.h */,
				16ABEB57192DB93D00E87DF7 /* UoMAppDelegate.m */,
				16ABEB59192DB93D00E87DF7 /* Main.storyboard */,
				16ABEB5C192DB93D00E87DF7 /* UoMMasterViewController.h */,
				16ABEB5D192DB93D00E87DF7 /* UoMMasterViewController.m */,
				16ABEB5F192DB93D00E87DF7 /* UoMDetailViewController.h */,
				16ABEB60192DB93D00E87DF7 /* UoMDetailViewController.m */,
				16ABEB62192DB93D00E87DF7 /* Images.xcassets */,
				16ABEB4E192DB93D00E87DF7 /* Supporting Files */,
			);
			path = TestForHighSchoolLab;
			sourceTree = "<group>";
		};
		16ABEB4E192DB93D00E87DF7 /* Supporting Files */ = {
			isa = PBXGroup;
			children = (
				16ABEB4F192DB93D00E87DF7 /* TestForHighSchoolLab-Info.plist */,
				16ABEB50192DB93D00E87DF7 /* InfoPlist.strings */,
				16ABEB53192DB93D00E87DF7 /* main.m */,
				16ABEB55192DB93D00E87DF7 /* TestForHighSchoolLab-Prefix.pch */,
			);
			name = "Supporting Files";
			sourceTree = "<group>";
		};
		16ABEB6F192DB93D00E87DF7 /* TestForHighSchoolLabTests */ = {
			isa = PBXGroup;
			children = (
				16ABEB75192DB93D00E87DF7 /* TestForHighSchoolLabTests.m */,
				16ABEB70192DB93D00E87DF7 /* Supporting Files */,
			);
			path = TestForHighSchoolLabTests;
			sourceTree = "<group>";
		};
		16ABEB70192DB93D00E87DF7 /* Supporting Files */ = {
			isa = PBXGroup;
			children = (
				16ABEB71192DB93D00E87DF7 /* TestForHighSchoolLabTests-Info.plist */,
				16ABEB72192DB93D00E87DF7 /* InfoPlist.strings */,
			);
			name = "Supporting Files";
			sourceTree = "<group>";
		};
/* End PBXGroup section */

/* Begin PBXNativeTarget section */
		16ABEB43192DB93D00E87DF7 /* TestForHighSchoolLab */ = {
			isa = PBXNativeTarget;
			buildConfigurationList = 16ABEB79192DB93D00E87DF7 /* Build configuration list for PBXNativeTarget "TestForHighSchoolLab" */;
			buildPhases = (
				16ABEB40192DB93D00E87DF7 /* Sources */,
				16ABEB41192DB93D00E87DF7 /* Frameworks */,
				16ABEB42192DB93D00E87DF7 /* Resources */,
			);
			buildRules = (
			);
			dependencies = (
			);
			name = TestForHighSchoolLab;
			productName = TestForHighSchoolLab;
			productReference = 16ABEB44192DB93D00E87DF7 /* TestForHighSchoolLab.app */;
			productType = "com.apple.product-type.application";
		};
		16ABEB67192DB93D00E87DF7 /* TestForHighSchoolLabTests */ = {
			isa = PBXNativeTarget;
			buildConfigurationList = 16ABEB7C192DB93D00E87DF7 /* Build configuration list for PBXNativeTarget "TestForHighSchoolLabTests" */;
			buildPhases = (
				16ABEB64192DB93D00E87DF7 /* Sources */,
				16ABEB65192DB93D00E87DF7 /* Frameworks */,
				16ABEB66192DB93D00E87DF7 /* Resources */,
			);
			buildRules = (
			);
			dependencies = (
				16ABEB6E192DB93D00E87DF7 /* PBXTargetDependency */,
			);
			name = TestForHighSchoolLabTests;
			productName = TestForHighSchoolLabTests;
			productReference = 16ABEB68192DB93D00E87DF7 /* TestForHighSchoolLabTests.xctest */;
			productType = "com.apple.product-type.bundle.unit-test";
		};
/* End PBXNativeTarget section */

/* Begin PBXProject section */
		16ABEB3C192DB93D00E87DF7 /* Project object */ = {
			isa = PBXProject;
			attributes = {
				CLASSPREFIX = UoM;
				LastUpgradeCheck = 0510;
				ORGANIZATIONNAME = UofM;
				TargetAttributes = {
					16ABEB67192DB93D00E87DF7 = {
						TestTargetID = 16ABEB43192DB93D00E87DF7;
					};
				};
			};
			buildConfigurationList = 16ABEB3F192DB93D00E87DF7 /* Build configuration list for PBXProject "TestForHighSchoolLab" */;
			compatibilityVersion = "Xcode 3.2";
			developmentRegion = English;
			hasScannedForEncodings = 0;
			knownRegions = (
				en,
				Base,
			);
			mainGroup = 16ABEB3B192DB93D00E87DF7;
			productRefGroup = 16ABEB45192DB93D00E87DF7 /* Products */;
			projectDirPath = "";
			projectRoot = "";
			targets = (
				16ABEB43192DB93D00E87DF7 /* TestForHighSchoolLab */,
				16ABEB67192DB93D00E87DF7 /* TestForHighSchoolLabTests */,
			);
		};
/* End PBXProject section */

/* Begin PBXResourcesBuildPhase section */
		16ABEB42192DB93D00E87DF7 /* Resources */ = {
			isa = PBXResourcesBuildPhase;
			buildActionMask = 2147483647;
			files = (
				16ABEB63192DB93D00E87DF7 /* Images.xcassets in Resources */,
				16ABEB52192DB93D00E87DF7 /* InfoPlist.strings in Resources */,
				16ABEB5B192DB93D00E87DF7 /* Main.storyboard in Resources */,
			);
			runOnlyForDeploymentPostprocessing = 0;
		};
		16ABEB66192DB93D00E87DF7 /* Resources */ = {
			isa = PBXResourcesBuildPhase;
			buildActionMask = 2147483647;
			files = (
				16ABEB74192DB93D00E87DF7 /* InfoPlist.strings in Resources */,
			);
			runOnlyForDeploymentPostprocessing = 0;
		};
/* End PBXResourcesBuildPhase section */

/* Begin PBXSourcesBuildPhase section */
		16ABEB40192DB93D00E87DF7 /* Sources */ = {
			isa = PBXSourcesBuildPhase;
			buildActionMask = 2147483647;
			files = (
				16ABEB58192DB93D00E87DF7 /* UoMAppDelegate.m in Sources */,
				16ABEB54192DB93D00E87DF7 /* main.m in Sources */,
				16ABEB5E192DB93D00E87DF7 /* UoMMasterViewController.m in Sources */,
				16ABEB61192DB93D00E87DF7 /* UoMDetailViewController.m in Sources */,
			);
			runOnlyForDeploymentPostprocessing = 0;
		};
		16ABEB64192DB93D00E87DF7 /* Sources */ = {
			isa = PBXSourcesBuildPhase;
			buildActionMask = 2147483647;
			files = (
				16ABEB76192DB93D00E87DF7 /* TestForHighSchoolLabTests.m in Sources */,
			);
			runOnlyForDeploymentPostprocessing = 0;
		};
/* End PBXSourcesBuildPhase section */

/* Begin PBXTargetDependency section */
		16ABEB6E192DB93D00E87DF7 /* PBXTargetDependency */ = {
			isa = PBXTargetDependency;
			target = 16ABEB43192DB93D00E87DF7 /* TestForHighSchoolLab */;
			targetProxy = 16ABEB6D192DB93D00E87DF7 /* PBXContainerItemProxy */;
		};
/* End PBXTargetDependency section */

/* Begin PBXVariantGroup section */
		16ABEB50192DB93D00E87DF7 /* InfoPlist.strings */ = {
			isa = PBXVariantGroup;
			children = (
				16ABEB51192DB93D00E87DF7 /* en */,
			);
			name = InfoPlist.strings;
			sourceTree = "<group>";
		};
		16ABEB59192DB93D00E87DF7 /* Main.storyboard */ = {
			isa = PBXVariantGroup;
			children = (
				16ABEB5A192DB93D00E87DF7 /* Base */,
			);
			name = Main.storyboard;
			sourceTree = "<group>";
		};
		16ABEB72192DB93D00E87DF7 /* InfoPlist.strings */ = {
			isa = PBXVariantGroup;
			children = (
				16ABEB73192DB93D00E87DF7 /* en */,
			);
			name = InfoPlist.strings;
			sourceTree = "<group>";
		};
/* End PBXVariantGroup section */

/* Begin XCBuildConfiguration section */
		16ABEB77192DB93D00E87DF7 /* Debug */ = {
			isa = XCBuildConfiguration;
			buildSettings = {
				ALWAYS_SEARCH_USER_PATHS = NO;
				CLANG_CXX_LANGUAGE_STANDARD = "gnu++0x";
				CLANG_CXX_LIBRARY = "libc++";
				CLANG_ENABLE_MODULES = YES;
				CLANG_ENABLE_OBJC_ARC = YES;
				CLANG_WARN_BOOL_CONVERSION = YES;
				CLANG_WARN_CONSTANT_CONVERSION = YES;
				CLANG_WARN_DIRECT_OBJC_ISA_USAGE = YES_ERROR;
				CLANG_WARN_EMPTY_BODY = YES;
				CLANG_WARN_ENUM_CONVERSION = YES;
				CLANG_WARN_INT_CONVERSION = YES;
				CLANG_WARN_OBJC_ROOT_CLASS = YES_ERROR;
				CLANG_WARN__DUPLICATE_METHOD_MATCH = YES;
				"CODE_SIGN_IDENTITY[sdk=iphoneos*]" = "iPhone Developer";
				COPY_PHASE_STRIP = NO;
				GCC_C_LANGUAGE_STANDARD = gnu99;
				GCC_DYNAMIC_NO_PIC = NO;
				GCC_OPTIMIZATION_LEVEL = 0;
				GCC_PREPROCESSOR_DEFINITIONS = (
					"DEBUG=1",
					"$(inherited)",
				);
				GCC_SYMBOLS_PRIVATE_EXTERN = NO;
				GCC_WARN_64_TO_32_BIT_CONVERSION = YES;
				GCC_WARN_ABOUT_RETURN_TYPE = YES_ERROR;
				GCC_WARN_UNDECLARED_SELECTOR = YES;
				GCC_WARN_UNINITIALIZED_AUTOS = YES_AGGRESSIVE;
				GCC_WARN_UNUSED_FUNCTION = YES;
				GCC_WARN_UNUSED_VARIABLE = YES;
				IPHONEOS_DEPLOYMENT_TARGET = 7.1;
				ONLY_ACTIVE_ARCH = YES;
				SDKROOT = iphoneos;
			};
			name = Debug;
		};
		16ABEB78192DB93D00E87DF7 /* Release */ = {
			isa = XCBuildConfiguration;
			buildSettings = {
				ALWAYS_SEARCH_USER_PATHS = NO;
				CLANG_CXX_LANGUAGE_STANDARD = "gnu++0x";
				CLANG_CXX_LIBRARY = "libc++";
				CLANG_ENABLE_MODULES = YES;
				CLANG_ENABLE_OBJC_ARC = YES;
				CLANG_WARN_BOOL_CONVERSION = YES;
				CLANG_WARN_CONSTANT_CONVERSION = YES;
				CLANG_WARN_DIRECT_OBJC_ISA_USAGE = YES_ERROR;
				CLANG_WARN_EMPTY_BODY = YES;
				CLANG_WARN_ENUM_CONVERSION = YES;
				CLANG_WARN_INT_CONVERSION = YES;
				CLANG_WARN_OBJC_ROOT_CLASS = YES_ERROR;
				CLANG_WARN__DUPLICATE_METHOD_MATCH = YES;
				"CODE_SIGN_IDENTITY[sdk=iphoneos*]" = "iPhone Developer";
				COPY_PHASE_STRIP = YES;
				ENABLE_NS_ASSERTIONS = NO;
				GCC_C_LANGUAGE_STANDARD = gnu99;
				GCC_WARN_64_TO_32_BIT_CONVERSION = YES;
				GCC_WARN_ABOUT_RETURN_TYPE = YES_ERROR;
				GCC_WARN_UNDECLARED_SELECTOR = YES;
				GCC_WARN_UNINITIALIZED_AUTOS = YES_AGGRESSIVE;
				GCC_WARN_UNUSED_FUNCTION = YES;
				GCC_WARN_UNUSED_VARIABLE = YES;
				IPHONEOS_DEPLOYMENT_TARGET = 7.1;
				SDKROOT = iphoneos;
				VALIDATE_PRODUCT = YES;
			};
			name = Release;
		};
		16ABEB7A192DB93D00E87DF7 /* Debug */ = {
			isa = XCBuildConfiguration;
			buildSettings = {
				ASSETCATALOG_COMPILER_APPICON_NAME = AppIcon;
				ASSETCATALOG_COMPILER_LAUNCHIMAGE_NAME = LaunchImage;
				GCC_PRECOMPILE_PREFIX_HEADER = YES;
				GCC_PREFIX_HEADER = "TestForHighSchoolLab/TestForHighSchoolLab-Prefix.pch";
				INFOPLIST_FILE = "TestForHighSchoolLab/TestForHighSchoolLab-Info.plist";
				PRODUCT_NAME = "$(TARGET_NAME)";
				WRAPPER_EXTENSION = app;
			};
			name = Debug;
		};
		16ABEB7B192DB93D00E87DF7 /* Release */ = {
			isa = XCBuildConfiguration;
			buildSettings = {
				ASSETCATALOG_COMPILER_APPICON_NAME = AppIcon;
				ASSETCATALOG_COMPILER_LAUNCHIMAGE_NAME = LaunchImage;
				GCC_PRECOMPILE_PREFIX_HEADER = YES;
				GCC_PREFIX_HEADER = "TestForHighSchoolLab/TestForHighSchoolLab-Prefix.pch";
				INFOPLIST_FILE = "TestForHighSchoolLab/TestForHighSchoolLab-Info.plist";
				PRODUCT_NAME = "$(TARGET_NAME)";
				WRAPPER_EXTENSION = app;
			};
			name = Release;
		};
		16ABEB7D192DB93D00E87DF7 /* Debug */ = {
			isa = XCBuildConfiguration;
			buildSettings = {
				BUNDLE_LOADER = "$(BUILT_PRODUCTS_DIR)/TestForHighSchoolLab.app/TestForHighSchoolLab";
				FRAMEWORK_SEARCH_PATHS = (
					"$(SDKROOT)/Developer/Library/Frameworks",
					"$(inherited)",
					"$(DEVELOPER_FRAMEWORKS_DIR)",
				);
				GCC_PRECOMPILE_PREFIX_HEADER = YES;
				GCC_PREFIX_HEADER = "TestForHighSchoolLab/TestForHighSchoolLab-Prefix.pch";
				GCC_PREPROCESSOR_DEFINITIONS = (
					"DEBUG=1",
					"$(inherited)",
				);
				INFOPLIST_FILE = "TestForHighSchoolLabTests/TestForHighSchoolLabTests-Info.plist";
				PRODUCT_NAME = "$(TARGET_NAME)";
				TEST_HOST = "$(BUNDLE_LOADER)";
				WRAPPER_EXTENSION = xctest;
			};
			name = Debug;
		};
		16ABEB7E192DB93D00E87DF7 /* Release */ = {
			isa = XCBuildConfiguration;
			buildSettings = {
				BUNDLE_LOADER = "$(BUILT_PRODUCTS_DIR)/TestForHighSchoolLab.app/TestForHighSchoolLab";
				FRAMEWORK_SEARCH_PATHS = (
					"$(SDKROOT)/Developer/Library/Frameworks",
					"$(inherited)",
					"$(DEVELOPER_FRAMEWORKS_DIR)",
				);
				GCC_PRECOMPILE_PREFIX_HEADER = YES;
				GCC_PREFIX_HEADER = "TestForHighSchoolLab/TestForHighSchoolLab-Prefix.pch";
				INFOPLIST_FILE = "TestForHighSchoolLabTests/TestForHighSchoolLabTests-Info.plist";
				PRODUCT_NAME = "$(TARGET_NAME)";
				TEST_HOST = "$(BUNDLE_LOADER)";
				WRAPPER_EXTENSION = xctest;
			};
			name = Release;
		};
/* End XCBuildConfiguration section */

/* Begin XCConfigurationList section */
		16ABEB3F192DB93D00E87DF7 /* Build configuration list for PBXProject "TestForHighSchoolLab" */ = {
			isa = XCConfigurationList;
			buildConfigurations = (
				16ABEB77192DB93D00E87DF7 /* Debug */,
				16ABEB78192DB93D00E87DF7 /* Release */,
			);
			defaultConfigurationIsVisible = 0;
			defaultConfigurationName = Release;
		};
		16ABEB79192DB93D00E87DF7 /* Build configuration list for PBXNativeTarget "TestForHighSchoolLab" */ = {
			isa = XCConfigurationList;
			buildConfigurations = (
				16ABEB7A192DB93D00E87DF7 /* Debug */,
				16ABEB7B192DB93D00E87DF7 /* Release */,
			);
			defaultConfigurationIsVisible = 0;
		};
		16ABEB7C192DB93D00E87DF7 /* Build configuration list for PBXNativeTarget "TestForHighSchoolLabTests" */ = {
			isa = XCConfigurationList;
			buildConfigurations = (
				16ABEB7D192DB93D00E87DF7 /* Debug */,
				16ABEB7E192DB93D00E87DF7 /* Release */,
			);
			defaultConfigurationIsVisible = 0;
		};
/* End XCConfigurationList section */
	};
	rootObject = 16ABEB3C192DB93D00E87DF7 /* Project object */;
}
